
Microsoft Visual Studio Solution File, Format Version 12.00
# Visual Studio Version 17
VisualStudioVersion = 17.5.002.0
MinimumVisualStudioVersion = 10.0.40219.1
Project("{9A19103F-16F7-4668-BE54-9A1E7A4F7556}") = "Debug101", "Debug101.csproj", "{88353873-FF33-4185-988C-A25A7958AD51}"
EndProject
Global
	GlobalSection(SolutionConfigurationPlatforms) = preSolution
		Debug|Any CPU = Debug|Any CPU
		Release|Any CPU = Release|Any CPU
	EndGlobalSection
	GlobalSection(ProjectConfigurationPlatforms) = postSolution
		{88353873-FF33-4185-988C-A25A7958AD51}.Debug|Any CPU.ActiveCfg = Debug|Any CPU
		{88353873-FF33-4185-988C-A25A7958AD51}.Debug|Any CPU.Build.0 = Debug|Any CPU
		{88353873-FF33-4185-988C-A25A7958AD51}.Release|Any CPU.ActiveCfg = Release|Any CPU
		{88353873-FF33-4185-988C-A25A7958AD51}.Release|Any CPU.Build.0 = Release|Any CPU
	EndGlobalSection
	GlobalSection(SolutionProperties) = preSolution
		HideSolutionNode = FALSE
	EndGlobalSection
	GlobalSection(ExtensibilityGlobals) = postSolution
		SolutionGuid = {66E54C9C-3811-4C5C-BDE9-40B378F93984}
	EndGlobalSection
EndGlobal
